
Microsoft Visual Studio Solution File, Format Version 12.00
# Visual Studio Version 17
VisualStudioVersion = 17.1.32414.318
MinimumVisualStudioVersion = 10.0.40219.1
Project("{9A19103F-16F7-4668-BE54-9A1E7A4F7556}") = "OpenapiToDotnet", "OpenapiToDotnet.csproj", "{7F2B5CB0-8DAC-404A-B549-3E6BA278AF8E}"
EndProject
Global
	GlobalSection(SolutionConfigurationPlatforms) = preSolution
		Debug|Any CPU = Debug|Any CPU
		Release|Any CPU = Release|Any CPU
	EndGlobalSection
	GlobalSection(ProjectConfigurationPlatforms) = postSolution
		{7F2B5CB0-8DAC-404A-B549-3E6BA278AF8E}.Debug|Any CPU.ActiveCfg = Debug|Any CPU
		{7F2B5CB0-8DAC-404A-B549-3E6BA278AF8E}.Debug|Any CPU.Build.0 = Debug|Any CPU
		{7F2B5CB0-8DAC-404A-B549-3E6BA278AF8E}.Release|Any CPU.ActiveCfg = Release|Any CPU
		{7F2B5CB0-8DAC-404A-B549-3E6BA278AF8E}.Release|Any CPU.Build.0 = Release|Any CPU
	EndGlobalSection
	GlobalSection(SolutionProperties) = preSolution
		HideSolutionNode = FALSE
	EndGlobalSection
	GlobalSection(ExtensibilityGlobals) = postSolution
		SolutionGuid = {D1C0AFAC-6E8D-407F-ADD0-476B7F5CFF41}
	EndGlobalSection
EndGlobal
